github.com/go-kratos/kratos/contrib/log/zap/v2 v2.0.0-20240627104009-3198e0b83bf2 h1:eus3W3SXhDUO6+Zo40mPn2XPXaUxjlxbO5xmnKEGKes=
github.com/go-kratos/kratos/contrib/log/zap/v2 v2.0.0-20240627104009-3198e0b83bf2/go.mod h1:eD/bSXiReDHdcaE5Mk1RqUCMYpYjEmV39sHxCa/o/II=
github.com/go-kratos/kratos/v2 v2.7.3 h1:T9MS69qk4/HkVUuHw5GS9PDVnOfzn+kxyF0CL5StqxA=
github.com/go-kratos/kratos/v2 v2.7.3/go.mod h1:CQZ7V0qyVPwrotIpS5VNNUJNzEbcyRUl5pRtxLOIvn4=
github.com/go-mysql-org/go-mysql v1.8.0 h1:bN+/Q5yyQXQOAabXPkI3GZX43w4Tsj2DIthjC9i6CkQ=
github.com/go-mysql-org/go-mysql v1.8.0/go.mod h1:kwbF156Z9Sy8amP3E1SZp7/s/0PuJj/xKaOWToQiq0Y=
github.com/natefinch/lumberjack v2.0.0+incompatible h1:4QJd3OLAMgj7ph+yZTuX13Ld4UpgHp07nNdFX7mqFfM=
github.com/natefinch/lumberjack v2.0.0+incompatible/go.mod h1:Wi9p2TTF5DG5oU+6YfsmYQpsTIOm0B1VNzQg9Mw6nPk=
github.com/streadway/amqp v1.1.0 h1:py12iX8XSyI7aN/3dUT8DFIDJazNJsVJdxNVEpnQTZM=
github.com/streadway/amqp v1.1.0/go.mod h1:WYSrTEYHOXHd0nwFeUXAe2G2hRnQT+deZJJf88uS9Bg=
go.uber.org/multierr v1.11.0 h1:blXXJkSxSSfBVBlC76pxqeO+LN3aDfLQo+309xJstO0=
go.uber.org/multierr v1.11.0/go.mod h1:20+QtiLqy0Nd6FdQB9TLXag12DsQkrbs3htMFfDN80Y=
go.uber.org/zap v1.26.0 h1:sI7k6L95XOKS281NhVKOFCUNIvv9e0w4BF8N3u+tCRo=
go.uber.org/zap v1.26.0/go.mod h1:dtElttAiwGvoJ/vj4IwHBS/gXsEu/pZ50mUIRWuG0so=
gorm.io/gorm v1.25.10 h1:dQpO+33KalOA+aFYGlK+EfxcI5MbO7EP2yYygwh9h+s=
gorm.io/gorm v1.25.10/go.mod h1:hbnx/Oo0ChWMn1BIhpy1oYozzpM15i4YPuHDmfYtwg8=
